
Microsoft Visual Studio Solution File, Format Version 12.00
# Visual Studio 15
VisualStudioVersion = 15.0.28307.1209
MinimumVisualStudioVersion = 10.0.40219.1
Project("{FAE04EC0-301F-11D3-BF4B-00C04F79EFBC}") = "Meteor Storm", "Meteor Blaster\Meteor Storm.csproj", "{DBDEE8E0-E8DF-4018-B0D9-5AF033DD6096}"
EndProject
Global
	GlobalSection(SolutionConfigurationPlatforms) = preSolution
		Debug|Any CPU = Debug|Any CPU
		Release|Any CPU = Release|Any CPU
	EndGlobalSection
	GlobalSection(ProjectConfigurationPlatforms) = postSolution
		{DBDEE8E0-E8DF-4018-B0D9-5AF033DD6096}.Debug|Any CPU.ActiveCfg = Debug|Any CPU
		{DBDEE8E0-E8DF-4018-B0D9-5AF033DD6096}.Debug|Any CPU.Build.0 = Debug|Any CPU
		{DBDEE8E0-E8DF-4018-B0D9-5AF033DD6096}.Release|Any CPU.ActiveCfg = Release|Any CPU
		{DBDEE8E0-E8DF-4018-B0D9-5AF033DD6096}.Release|Any CPU.Build.0 = Release|Any CPU
	EndGlobalSection
	GlobalSection(SolutionProperties) = preSolution
		HideSolutionNode = FALSE
	EndGlobalSection
	GlobalSection(ExtensibilityGlobals) = postSolution
		SolutionGuid = {68999A92-75BA-4E42-82D9-2B55F65ECB4A}
	EndGlobalSection
EndGlobal
